
Microsoft Visual Studio Solution File, Format Version 12.00
# Visual Studio Version 17
VisualStudioVersion = 17.4.33110.190
MinimumVisualStudioVersion = 10.0.40219.1
Project("{FAE04EC0-301F-11D3-BF4B-00C04F79EFBC}") = "ex4", "ex4.csproj", "{DADF9914-1685-443E-931C-A8C66B69929D}"
EndProject
Global
	GlobalSection(SolutionConfigurationPlatforms) = preSolution
		Debug|Any CPU = Debug|Any CPU
		Release|Any CPU = Release|Any CPU
	EndGlobalSection
	GlobalSection(ProjectConfigurationPlatforms) = postSolution
		{DADF9914-1685-443E-931C-A8C66B69929D}.Debug|Any CPU.ActiveCfg = Debug|Any CPU
		{DADF9914-1685-443E-931C-A8C66B69929D}.Debug|Any CPU.Build.0 = Debug|Any CPU
		{DADF9914-1685-443E-931C-A8C66B69929D}.Release|Any CPU.ActiveCfg = Release|Any CPU
		{DADF9914-1685-443E-931C-A8C66B69929D}.Release|Any CPU.Build.0 = Release|Any CPU
	EndGlobalSection
	GlobalSection(SolutionProperties) = preSolution
		HideSolutionNode = FALSE
	EndGlobalSection
	GlobalSection(ExtensibilityGlobals) = postSolution
		SolutionGuid = {084DA51C-55B3-4E76-BF4B-7CEEB21AA03D}
	EndGlobalSection
EndGlobal
